// !$*UTF8*$!
{
	archiveVersion = 1;
	classes = {
	};
	objectVersion = 55;
	objects = {

/* Begin PBXBuildFile section */
		80FD215328DBDF06004931FF /* AppDelegate.swift in Sources */ = {isa = PBXBuildFile; fileRef = 80FD215228DBDF06004931FF /* AppDelegate.swift */; };
		80FD215528DBDF06004931FF /* SceneDelegate.swift in Sources */ = {isa = PBXBuildFile; fileRef = 80FD215428DBDF06004931FF /* SceneDelegate.swift */; };
		80FD215728DBDF06004931FF /* ViewController.swift in Sources */ = {isa = PBXBuildFile; fileRef = 80FD215628DBDF06004931FF /* ViewController.swift */; };
		80FD215A28DBDF06004931FF /* Main.storyboard in Resources */ = {isa = PBXBuildFile; fileRef = 80FD215828DBDF06004931FF /* Main.storyboard */; };
		80FD215C28DBDF09004931FF /* Assets.xcassets in Resources */ = {isa = PBXBuildFile; fileRef = 80FD215B28DBDF09004931FF /* Assets.xcassets */; };
		80FD215F28DBDF09004931FF /* LaunchScreen.storyboard in Resources */ = {isa = PBXBuildFile; fileRef = 80FD215D28DBDF09004931FF /* LaunchScreen.storyboard */; };
		80FD216A28DBDF09004931FF /* ExamenTests.swift in Sources */ = {isa = PBXBuildFile; fileRef = 80FD216928DBDF09004931FF /* ExamenTests.swift */; };
		80FD217428DBDF09004931FF /* ExamenUITests.swift in Sources */ = {isa = PBXBuildFile; fileRef = 80FD217328DBDF09004931FF /* ExamenUITests.swift */; };
		80FD217628DBDF09004931FF /* ExamenUITestsLaunchTests.swift in Sources */ = {isa = PBXBuildFile; fileRef = 80FD217528DBDF09004931FF /* ExamenUITestsLaunchTests.swift */; };
/* End PBXBuildFile section */

/* Begin PBXContainerItemProxy section */
		80FD216628DBDF09004931FF /* PBXContainerItemProxy */ = {
			isa = PBXContainerItemProxy;
			containerPortal = 80FD214728DBDF06004931FF /* Project object */;
			proxyType = 1;
			remoteGlobalIDString = 80FD214E28DBDF06004931FF;
			remoteInfo = Examen;
		};
		80FD217028DBDF09004931FF /* PBXContainerItemProxy */ = {
			isa = PBXContainerItemProxy;
			containerPortal = 80FD214728DBDF06004931FF /* Project object */;
			proxyType = 1;
			remoteGlobalIDString = 80FD214E28DBDF06004931FF;
			remoteInfo = Examen;
		};
/* End PBXContainerItemProxy section */

/* Begin PBXFileReference section */
		80FD214F28DBDF06004931FF /* Examen.app */ = {isa = PBXFileReference; explicitFileType = wrapper.application; includeInIndex = 0; path = Examen.app; sourceTree = BUILT_PRODUCTS_DIR; };
		80FD215228DBDF06004931FF /* AppDelegate.swift */ = {isa = PBXFileReference; lastKnownFileType = sourcecode.swift; path = AppDelegate.swift; sourceTree = "<group>"; };
		80FD215428DBDF06004931FF /* SceneDelegate.swift */ = {isa = PBXFileReference; lastKnownFileType = sourcecode.swift; path = SceneDelegate.swift; sourceTree = "<group>"; };
		80FD215628DBDF06004931FF /* ViewController.swift */ = {isa = PBXFileReference; lastKnownFileType = sourcecode.swift; path = ViewController.swift; sourceTree = "<group>"; };
		80FD215928DBDF06004931FF /* Base */ = {isa = PBXFileReference; lastKnownFileType = file.storyboard; name = Base; path = Base.lproj/Main.storyboard; sourceTree = "<group>"; };
		80FD215B28DBDF09004931FF /* Assets.xcassets */ = {isa = PBXFileReference; lastKnownFileType = folder.assetcatalog; path = Assets.xcassets; sourceTree = "<group>"; };
		80FD215E28DBDF09004931FF /* Base */ = {isa = PBXFileReference; lastKnownFileType = file.storyboard; name = Base; path = Base.lproj/LaunchScreen.storyboard; sourceTree = "<group>"; };
		80FD216028DBDF09004931FF /* Info.plist */ = {isa = PBXFileReference; lastKnownFileType = text.plist.xml; path = Info.plist; sourceTree = "<group>"; };
		80FD216528DBDF09004931FF /* ExamenTests.xctest */ = {isa = PBXFileReference; explicitFileType = wrapper.cfbundle; includeInIndex = 0; path = ExamenTests.xctest; sourceTree = BUILT_PRODUCTS_DIR; };
		80FD216928DBDF09004931FF /* ExamenTests.swift */ = {isa = PBXFileReference; lastKnownFileType = sourcecode.swift; path = ExamenTests.swift; sourceTree = "<group>"; };
		80FD216F28DBDF09004931FF /* ExamenUITests.xctest */ = {isa = PBXFileReference; explicitFileType = wrapper.cfbundle; includeInIndex = 0; path = ExamenUITests.xctest; sourceTree = BUILT_PRODUCTS_DIR; };
		80FD217328DBDF09004931FF /* ExamenUITests.swift */ = {isa = PBXFileReference; lastKnownFileType = sourcecode.swift; path = ExamenUITests.swift; sourceTree = "<group>"; };
		80FD217528DBDF09004931FF /* ExamenUITestsLaunchTests.swift */ = {isa = PBXFileReference; lastKnownFileType = sourcecode.swift; path = ExamenUITestsLaunchTests.swift; sourceTree = "<group>"; };
/* End PBXFileReference section */

/* Begin PBXFrameworksBuildPhase section */
		80FD214C28DBDF06004931FF /* Frameworks */ = {
			isa = PBXFrameworksBuildPhase;
			buildActionMask = 2147483647;
			files = (
			);
			runOnlyForDeploymentPostprocessing = 0;
		};
		80FD216228DBDF09004931FF /* Frameworks */ = {
			isa = PBXFrameworksBuildPhase;
			buildActionMask = 2147483647;
			files = (
			);
			runOnlyForDeploymentPostprocessing = 0;
		};
		80FD216C28DBDF09004931FF /* Frameworks */ = {
			isa = PBXFrameworksBuildPhase;
			buildActionMask = 2147483647;
			files = (
			);
			runOnlyForDeploymentPostprocessing = 0;
		};
/* End PBXFrameworksBuildPhase section */

/* Begin PBXGroup section */
		80FD214628DBDF06004931FF = {
			isa = PBXGroup;
			children = (
				80FD215128DBDF06004931FF /* Examen */,
				80FD216828DBDF09004931FF /* ExamenTests */,
				80FD217228DBDF09004931FF /* ExamenUITests */,
				80FD215028DBDF06004931FF /* Products */,
			);
			sourceTree = "<group>";
		};
		80FD215028DBDF06004931FF /* Products */ = {
			isa = PBXGroup;
			children = (
				80FD214F28DBDF06004931FF /* Examen.app */,
				80FD216528DBDF09004931FF /* ExamenTests.xctest */,
				80FD216F28DBDF09004931FF /* ExamenUITests.xctest */,
			);
			name = Products;
			sourceTree = "<group>";
		};
		80FD215128DBDF06004931FF /* Examen */ = {
			isa = PBXGroup;
			children = (
				80FD215228DBDF06004931FF /* AppDelegate.swift */,
				80FD215428DBDF06004931FF /* SceneDelegate.swift */,
				80FD215628DBDF06004931FF /* ViewController.swift */,
				80FD215828DBDF06004931FF /* Main.storyboard */,
				80FD215B28DBDF09004931FF /* Assets.xcassets */,
				80FD215D28DBDF09004931FF /* LaunchScreen.storyboard */,
				80FD216028DBDF09004931FF /* Info.plist */,
			);
			path = Examen;
			sourceTree = "<group>";
		};
		80FD216828DBDF09004931FF /* ExamenTests */ = {
			isa = PBXGroup;
			children = (
				80FD216928DBDF09004931FF /* ExamenTests.swift */,
			);
			path = ExamenTests;
			sourceTree = "<group>";
		};
		80FD217228DBDF09004931FF /* ExamenUITests */ = {
			isa = PBXGroup;
			children = (
				80FD217328DBDF09004931FF /* ExamenUITests.swift */,
				80FD217528DBDF09004931FF /* ExamenUITestsLaunchTests.swift */,
			);
			path = ExamenUITests;
			sourceTree = "<group>";
		};
/* End PBXGroup section */

/* Begin PBXNativeTarget section */
		80FD214E28DBDF06004931FF /* Examen */ = {
			isa = PBXNativeTarget;
			buildConfigurationList = 80FD217928DBDF09004931FF /* Build configuration list for PBXNativeTarget "Examen" */;
			buildPhases = (
				80FD214B28DBDF06004931FF /* Sources */,
				80FD214C28DBDF06004931FF /* Frameworks */,
				80FD214D28DBDF06004931FF /* Resources */,
			);
			buildRules = (
			);
			dependencies = (
			);
			name = Examen;
			productName = Examen;
			productReference = 80FD214F28DBDF06004931FF /* Examen.app */;
			productType = "com.apple.product-type.application";
		};
		80FD216428DBDF09004931FF /* ExamenTests */ = {
			isa = PBXNativeTarget;
			buildConfigurationList = 80FD217C28DBDF09004931FF /* Build configuration list for PBXNativeTarget "ExamenTests" */;
			buildPhases = (
				80FD216128DBDF09004931FF /* Sources */,
				80FD216228DBDF09004931FF /* Frameworks */,
				80FD216328DBDF09004931FF /* Resources */,
			);
			buildRules = (
			);
			dependencies = (
				80FD216728DBDF09004931FF /* PBXTargetDependency */,
			);
			name = ExamenTests;
			productName = ExamenTests;
			productReference = 80FD216528DBDF09004931FF /* ExamenTests.xctest */;
			productType = "com.apple.product-type.bundle.unit-test";
		};
		80FD216E28DBDF09004931FF /* ExamenUITests */ = {
			isa = PBXNativeTarget;
			buildConfigurationList = 80FD217F28DBDF09004931FF /* Build configuration list for PBXNativeTarget "ExamenUITests" */;
			buildPhases = (
				80FD216B28DBDF09004931FF /* Sources */,
				80FD216C28DBDF09004931FF /* Frameworks */,
				80FD216D28DBDF09004931FF /* Resources */,
			);
			buildRules = (
			);
			dependencies = (
				80FD217128DBDF09004931FF /* PBXTargetDependency */,
			);
			name = ExamenUITests;
			productName = ExamenUITests;
			productReference = 80FD216F28DBDF09004931FF /* ExamenUITests.xctest */;
			productType = "com.apple.product-type.bundle.ui-testing";
		};
/* End PBXNativeTarget section */

/* Begin PBXProject section */
		80FD214728DBDF06004931FF /* Project object */ = {
			isa = PBXProject;
			attributes = {
				BuildIndependentTargetsInParallel = 1;
				LastSwiftUpdateCheck = 1340;
				LastUpgradeCheck = 1340;
				TargetAttributes = {
					80FD214E28DBDF06004931FF = {
						CreatedOnToolsVersion = 13.4.1;
					};
					80FD216428DBDF09004931FF = {
						CreatedOnToolsVersion = 13.4.1;
						TestTargetID = 80FD214E28DBDF06004931FF;
					};
					80FD216E28DBDF09004931FF = {
						CreatedOnToolsVersion = 13.4.1;
						TestTargetID = 80FD214E28DBDF06004931FF;
					};
				};
			};
			buildConfigurationList = 80FD214A28DBDF06004931FF /* Build configuration list for PBXProject "Examen" */;
			compatibilityVersion = "Xcode 13.0";
			developmentRegion = en;
			hasScannedForEncodings = 0;
			knownRegions = (
				en,
				Base,
			);
			mainGroup = 80FD214628DBDF06004931FF;
			productRefGroup = 80FD215028DBDF06004931FF /* Products */;
			projectDirPath = "";
			projectRoot = "";
			targets = (
				80FD214E28DBDF06004931FF /* Examen */,
				80FD216428DBDF09004931FF /* ExamenTests */,
				80FD216E28DBDF09004931FF /* ExamenUITests */,
			);
		};
/* End PBXProject section */

/* Begin PBXResourcesBuildPhase section */
		80FD214D28DBDF06004931FF /* Resources */ = {
			isa = PBXResourcesBuildPhase;
			buildActionMask = 2147483647;
			files = (
				80FD215F28DBDF09004931FF /* LaunchScreen.storyboard in Resources */,
				80FD215C28DBDF09004931FF /* Assets.xcassets in Resources */,
				80FD215A28DBDF06004931FF /* Main.storyboard in Resources */,
			);
			runOnlyForDeploymentPostprocessing = 0;
		};
		80FD216328DBDF09004931FF /* Resources */ = {
			isa = PBXResourcesBuildPhase;
			buildActionMask = 2147483647;
			files = (
			);
			runOnlyForDeploymentPostprocessing = 0;
		};
		80FD216D28DBDF09004931FF /* Resources */ = {
			isa = PBXResourcesBuildPhase;
			buildActionMask = 2147483647;
			files = (
			);
			runOnlyForDeploymentPostprocessing = 0;
		};
/* End PBXResourcesBuildPhase section */

/* Begin PBXSourcesBuildPhase section */
		80FD214B28DBDF06004931FF /* Sources */ = {
			isa = PBXSourcesBuildPhase;
			buildActionMask = 2147483647;
			files = (
				80FD215728DBDF06004931FF /* ViewController.swift in Sources */,
				80FD215328DBDF06004931FF /* AppDelegate.swift in Sources */,
				80FD215528DBDF06004931FF /* SceneDelegate.swift in Sources */,
			);
			runOnlyForDeploymentPostprocessing = 0;
		};
		80FD216128DBDF09004931FF /* Sources */ = {
			isa = PBXSourcesBuildPhase;
			buildActionMask = 2147483647;
			files = (
				80FD216A28DBDF09004931FF /* ExamenTests.swift in Sources */,
			);
			runOnlyForDeploymentPostprocessing = 0;
		};
		80FD216B28DBDF09004931FF /* Sources */ = {
			isa = PBXSourcesBuildPhase;
			buildActionMask = 2147483647;
			files = (
				80FD217628DBDF09004931FF /* ExamenUITestsLaunchTests.swift in Sources */,
				80FD217428DBDF09004931FF /* ExamenUITests.swift in Sources */,
			);
			runOnlyForDeploymentPostprocessing = 0;
		};
/* End PBXSourcesBuildPhase section */

/* Begin PBXTargetDependency section */
		80FD216728DBDF09004931FF /* PBXTargetDependency */ = {
			isa = PBXTargetDependency;
			target = 80FD214E28DBDF06004931FF /* Examen */;
			targetProxy = 80FD216628DBDF09004931FF /* PBXContainerItemProxy */;
		};
		80FD217128DBDF09004931FF /* PBXTargetDependency */ = {
			isa = PBXTargetDependency;
			target = 80FD214E28DBDF06004931FF /* Examen */;
			targetProxy = 80FD217028DBDF09004931FF /* PBXContainerItemProxy */;
		};
/* End PBXTargetDependency section */

/* Begin PBXVariantGroup section */
		80FD215828DBDF06004931FF /* Main.storyboard */ = {
			isa = PBXVariantGroup;
			children = (
				80FD215928DBDF06004931FF /* Base */,
			);
			name = Main.storyboard;
			sourceTree = "<group>";
		};
		80FD215D28DBDF09004931FF /* LaunchScreen.storyboard */ = {
			isa = PBXVariantGroup;
			children = (
				80FD215E28DBDF09004931FF /* Base */,
			);
			name = LaunchScreen.storyboard;
			sourceTree = "<group>";
		};
/* End PBXVariantGroup section */

/* Begin XCBuildConfiguration section */
		80FD217728DBDF09004931FF /* Debug */ = {
			isa = XCBuildConfiguration;
			buildSettings = {
				ALWAYS_SEARCH_USER_PATHS = NO;
				CLANG_ANALYZER_NONNULL = YES;
				CLANG_ANALYZER_NUMBER_OBJECT_CONVERSION = YES_AGGRESSIVE;
				CLANG_CXX_LANGUAGE_STANDARD = "gnu++17";
				CLANG_ENABLE_MODULES = YES;
				CLANG_ENABLE_OBJC_ARC = YES;
				CLANG_ENABLE_OBJC_WEAK = YES;
				CLANG_WARN_BLOCK_CAPTURE_AUTORELEASING = YES;
				CLANG_WARN_BOOL_CONVERSION = YES;
				CLANG_WARN_COMMA = YES;
				CLANG_WARN_CONSTANT_CONVERSION = YES;
				CLANG_WARN_DEPRECATED_OBJC_IMPLEMENTATIONS = YES;
				CLANG_WARN_DIRECT_OBJC_ISA_USAGE = YES_ERROR;
				CLANG_WARN_DOCUMENTATION_COMMENTS = YES;
				CLANG_WARN_EMPTY_BODY = YES;
				CLANG_WARN_ENUM_CONVERSION = YES;
				CLANG_WARN_INFINITE_RECURSION = YES;
				CLANG_WARN_INT_CONVERSION = YES;
				CLANG_WARN_NON_LITERAL_NULL_CONVERSION = YES;
				CLANG_WARN_OBJC_IMPLICIT_RETAIN_SELF = YES;
				CLANG_WARN_OBJC_LITERAL_CONVERSION = YES;
				CLANG_WARN_OBJC_ROOT_CLASS = YES_ERROR;
				CLANG_WARN_QUOTED_INCLUDE_IN_FRAMEWORK_HEADER = YES;
				CLANG_WARN_RANGE_LOOP_ANALYSIS = YES;
				CLANG_WARN_STRICT_PROTOTYPES = YES;
				CLANG_WARN_SUSPICIOUS_MOVE = YES;
				CLANG_WARN_UNGUARDED_AVAILABILITY = YES_AGGRESSIVE;
				CLANG_WARN_UNREACHABLE_CODE = YES;
				CLANG_WARN__DUPLICATE_METHOD_MATCH = YES;
				COPY_PHASE_STRIP = NO;
				DEBUG_INFORMATION_FORMAT = dwarf;
				ENABLE_STRICT_OBJC_MSGSEND = YES;
				ENABLE_TESTABILITY = YES;
				GCC_C_LANGUAGE_STANDARD = gnu11;
				GCC_DYNAMIC_NO_PIC = NO;
				GCC_NO_COMMON_BLOCKS = YES;
				GCC_OPTIMIZATION_LEVEL = 0;
				GCC_PREPROCESSOR_DEFINITIONS = (
					"DEBUG=1",
					"$(inherited)",
				);
				GCC_WARN_64_TO_32_BIT_CONVERSION = YES;
				GCC_WARN_ABOUT_RETURN_TYPE = YES_ERROR;
				GCC_WARN_UNDECLARED_SELECTOR = YES;
				GCC_WARN_UNINITIALIZED_AUTOS = YES_AGGRESSIVE;
				GCC_WARN_UNUSED_FUNCTION = YES;
				GCC_WARN_UNUSED_VARIABLE = YES;
				IPHONEOS_DEPLOYMENT_TARGET = 15.5;
				MTL_ENABLE_DEBUG_INFO = INCLUDE_SOURCE;
				MTL_FAST_MATH = YES;
				ONLY_ACTIVE_ARCH = YES;
				SDKROOT = iphoneos;
				SWIFT_ACTIVE_COMPILATION_CONDITIONS = DEBUG;
				SWIFT_OPTIMIZATION_LEVEL = "-Onone";
			};
			name = Debug;
		};
		80FD217828DBDF09004931FF /* Release */ = {
			isa = XCBuildConfiguration;
			buildSettings = {
				ALWAYS_SEARCH_USER_PATHS = NO;
				CLANG_ANALYZER_NONNULL = YES;
				CLANG_ANALYZER_NUMBER_OBJECT_CONVERSION = YES_AGGRESSIVE;
				CLANG_CXX_LANGUAGE_STANDARD = "gnu++17";
				CLANG_ENABLE_MODULES = YES;
				CLANG_ENABLE_OBJC_ARC = YES;
				CLANG_ENABLE_OBJC_WEAK = YES;
				CLANG_WARN_BLOCK_CAPTURE_AUTORELEASING = YES;
				CLANG_WARN_BOOL_CONVERSION = YES;
				CLANG_WARN_COMMA = YES;
				CLANG_WARN_CONSTANT_CONVERSION = YES;
				CLANG_WARN_DEPRECATED_OBJC_IMPLEMENTATIONS = YES;
				CLANG_WARN_DIRECT_OBJC_ISA_USAGE = YES_ERROR;
				CLANG_WARN_DOCUMENTATION_COMMENTS = YES;
				CLANG_WARN_EMPTY_BODY = YES;
				CLANG_WARN_ENUM_CONVERSION = YES;
				CLANG_WARN_INFINITE_RECURSION = YES;
				CLANG_WARN_INT_CONVERSION = YES;
				CLANG_WARN_NON_LITERAL_NULL_CONVERSION = YES;
				CLANG_WARN_OBJC_IMPLICIT_RETAIN_SELF = YES;
				CLANG_WARN_OBJC_LITERAL_CONVERSION = YES;
				CLANG_WARN_OBJC_ROOT_CLASS = YES_ERROR;
				CLANG_WARN_QUOTED_INCLUDE_IN_FRAMEWORK_HEADER = YES;
				CLANG_WARN_RANGE_LOOP_ANALYSIS = YES;
				CLANG_WARN_STRICT_PROTOTYPES = YES;
				CLANG_WARN_SUSPICIOUS_MOVE = YES;
				CLANG_WARN_UNGUARDED_AVAILABILITY = YES_AGGRESSIVE;
				CLANG_WARN_UNREACHABLE_CODE = YES;
				CLANG_WARN__DUPLICATE_METHOD_MATCH = YES;
				COPY_PHASE_STRIP = NO;
				DEBUG_INFORMATION_FORMAT = "dwarf-with-dsym";
				ENABLE_NS_ASSERTIONS = NO;
				ENABLE_STRICT_OBJC_MSGSEND = YES;
				GCC_C_LANGUAGE_STANDARD = gnu11;
				GCC_NO_COMMON_BLOCKS = YES;
				GCC_WARN_64_TO_32_BIT_CONVERSION = YES;
				GCC_WARN_ABOUT_RETURN_TYPE = YES_ERROR;
				GCC_WARN_UNDECLARED_SELECTOR = YES;
				GCC_WARN_UNINITIALIZED_AUTOS = YES_AGGRESSIVE;
				GCC_WARN_UNUSED_FUNCTION = YES;
				GCC_WARN_UNUSED_VARIABLE = YES;
				IPHONEOS_DEPLOYMENT_TARGET = 15.5;
				MTL_ENABLE_DEBUG_INFO = NO;
				MTL_FAST_MATH = YES;
				SDKROOT = iphoneos;
				SWIFT_COMPILATION_MODE = wholemodule;
				SWIFT_OPTIMIZATION_LEVEL = "-O";
				VALIDATE_PRODUCT = YES;
			};
			name = Release;
		};
		80FD217A28DBDF09004931FF /* Debug */ = {
			isa = XCBuildConfiguration;
			buildSettings = {
				ASSETCATALOG_COMPILER_APPICON_NAME = AppIcon;
				ASSETCATALOG_COMPILER_GLOBAL_ACCENT_COLOR_NAME = AccentColor;
				CODE_SIGN_STYLE = Automatic;
				CURRENT_PROJECT_VERSION = 1;
				GENERATE_INFOPLIST_FILE = YES;
				INFOPLIST_FILE = Examen/Info.plist;
				INFOPLIST_KEY_UIApplicationSupportsIndirectInputEvents = YES;
				INFOPLIST_KEY_UILaunchStoryboardName = LaunchScreen;
				INFOPLIST_KEY_UIMainStoryboardFile = Main;
				INFOPLIST_KEY_UISupportedInterfaceOrientations_iPad = "UIInterfaceOrientationPortrait UIInterfaceOrientationPortraitUpsideDown UIInterfaceOrientationLandscapeLeft UIInterfaceOrientationLandscapeRight";
				INFOPLIST_KEY_UISupportedInterfaceOrientations_iPhone = "UIInterfaceOrientationPortrait UIInterfaceOrientationLandscapeLeft UIInterfaceOrientationLandscapeRight";
				LD_RUNPATH_SEARCH_PATHS = (
					"$(inherited)",
					"@executable_path/Frameworks",
				);
				MARKETING_VERSION = 1.0;
				PRODUCT_BUNDLE_IDENTIFIER = com..Examen;
				PRODUCT_NAME = "$(TARGET_NAME)";
				SWIFT_EMIT_LOC_STRINGS = YES;
				SWIFT_VERSION = 5.0;
				TARGETED_DEVICE_FAMILY = "1,2";
			};
			name = Debug;
		};
		80FD217B28DBDF09004931FF /* Release */ = {
			isa = XCBuildConfiguration;
			buildSettings = {
				ASSETCATALOG_COMPILER_APPICON_NAME = AppIcon;
				ASSETCATALOG_COMPILER_GLOBAL_ACCENT_COLOR_NAME = AccentColor;
				CODE_SIGN_STYLE = Automatic;
				CURRENT_PROJECT_VERSION = 1;
				GENERATE_INFOPLIST_FILE = YES;
				INFOPLIST_FILE = Examen/Info.plist;
				INFOPLIST_KEY_UIApplicationSupportsIndirectInputEvents = YES;
				INFOPLIST_KEY_UILaunchStoryboardName = LaunchScreen;
				INFOPLIST_KEY_UIMainStoryboardFile = Main;
				INFOPLIST_KEY_UISupportedInterfaceOrientations_iPad = "UIInterfaceOrientationPortrait UIInterfaceOrientationPortraitUpsideDown UIInterfaceOrientationLandscapeLeft UIInterfaceOrientationLandscapeRight";
				INFOPLIST_KEY_UISupportedInterfaceOrientations_iPhone = "UIInterfaceOrientationPortrait UIInterfaceOrientationLandscapeLeft UIInterfaceOrientationLandscapeRight";
				LD_RUNPATH_SEARCH_PATHS = (
					"$(inherited)",
					"@executable_path/Frameworks",
				);
				MARKETING_VERSION = 1.0;
				PRODUCT_BUNDLE_IDENTIFIER = com..Examen;
				PRODUCT_NAME = "$(TARGET_NAME)";
				SWIFT_EMIT_LOC_STRINGS = YES;
				SWIFT_VERSION = 5.0;
				TARGETED_DEVICE_FAMILY = "1,2";
			};
			name = Release;
		};
		80FD217D28DBDF09004931FF /* Debug */ = {
			isa = XCBuildConfiguration;
			buildSettings = {
				ALWAYS_EMBED_SWIFT_STANDARD_LIBRARIES = YES;
				BUNDLE_LOADER = "$(TEST_HOST)";
				CODE_SIGN_STYLE = Automatic;
				CURRENT_PROJECT_VERSION = 1;
				GENERATE_INFOPLIST_FILE = YES;
				IPHONEOS_DEPLOYMENT_TARGET = 15.5;
				MARKETING_VERSION = 1.0;
				PRODUCT_BUNDLE_IDENTIFIER = com..ExamenTests;
				PRODUCT_NAME = "$(TARGET_NAME)";
				SWIFT_EMIT_LOC_STRINGS = NO;
				SWIFT_VERSION = 5.0;
				TARGETED_DEVICE_FAMILY = "1,2";
				TEST_HOST = "$(BUILT_PRODUCTS_DIR)/Examen.app/Examen";
			};
			name = Debug;
		};
		80FD217E28DBDF09004931FF /* Release */ = {
			isa = XCBuildConfiguration;
			buildSettings = {
				ALWAYS_EMBED_SWIFT_STANDARD_LIBRARIES = YES;
				BUNDLE_LOADER = "$(TEST_HOST)";
				CODE_SIGN_STYLE = Automatic;
				CURRENT_PROJECT_VERSION = 1;
				GENERATE_INFOPLIST_FILE = YES;
				IPHONEOS_DEPLOYMENT_TARGET = 15.5;
				MARKETING_VERSION = 1.0;
				PRODUCT_BUNDLE_IDENTIFIER = com..ExamenTests;
				PRODUCT_NAME = "$(TARGET_NAME)";
				SWIFT_EMIT_LOC_STRINGS = NO;
				SWIFT_VERSION = 5.0;
				TARGETED_DEVICE_FAMILY = "1,2";
				TEST_HOST = "$(BUILT_PRODUCTS_DIR)/Examen.app/Examen";
			};
			name = Release;
		};
		80FD218028DBDF09004931FF /* Debug */ = {
			isa = XCBuildConfiguration;
			buildSettings = {
				ALWAYS_EMBED_SWIFT_STANDARD_LIBRARIES = YES;
				CODE_SIGN_STYLE = Automatic;
				CURRENT_PROJECT_VERSION = 1;
				GENERATE_INFOPLIST_FILE = YES;
				MARKETING_VERSION = 1.0;
				PRODUCT_BUNDLE_IDENTIFIER = com..ExamenUITests;
				PRODUCT_NAME = "$(TARGET_NAME)";
				SWIFT_EMIT_LOC_STRINGS = NO;
				SWIFT_VERSION = 5.0;
				TARGETED_DEVICE_FAMILY = "1,2";
				TEST_TARGET_NAME = Examen;
			};
			name = Debug;
		};
		80FD218128DBDF09004931FF /* Release */ = {
			isa = XCBuildConfiguration;
			buildSettings = {
				ALWAYS_EMBED_SWIFT_STANDARD_LIBRARIES = YES;
				CODE_SIGN_STYLE = Automatic;
				CURRENT_PROJECT_VERSION = 1;
				GENERATE_INFOPLIST_FILE = YES;
				MARKETING_VERSION = 1.0;
				PRODUCT_BUNDLE_IDENTIFIER = com..ExamenUITests;
				PRODUCT_NAME = "$(TARGET_NAME)";
				SWIFT_EMIT_LOC_STRINGS = NO;
				SWIFT_VERSION = 5.0;
				TARGETED_DEVICE_FAMILY = "1,2";
				TEST_TARGET_NAME = Examen;
			};
			name = Release;
		};
/* End XCBuildConfiguration section */

/* Begin XCConfigurationList section */
		80FD214A28DBDF06004931FF /* Build configuration list for PBXProject "Examen" */ = {
			isa = XCConfigurationList;
			buildConfigurations = (
				80FD217728DBDF09004931FF /* Debug */,
				80FD217828DBDF09004931FF /* Release */,
			);
			defaultConfigurationIsVisible = 0;
			defaultConfigurationName = Release;
		};
		80FD217928DBDF09004931FF /* Build configuration list for PBXNativeTarget "Examen" */ = {
			isa = XCConfigurationList;
			buildConfigurations = (
				80FD217A28DBDF09004931FF /* Debug */,
				80FD217B28DBDF09004931FF /* Release */,
			);
			defaultConfigurationIsVisible = 0;
			defaultConfigurationName = Release;
		};
		80FD217C28DBDF09004931FF /* Build configuration list for PBXNativeTarget "ExamenTests" */ = {
			isa = XCConfigurationList;
			buildConfigurations = (
				80FD217D28DBDF09004931FF /* Debug */,
				80FD217E28DBDF09004931FF /* Release */,
			);
			defaultConfigurationIsVisible = 0;
			defaultConfigurationName = Release;
		};
		80FD217F28DBDF09004931FF /* Build configuration list for PBXNativeTarget "ExamenUITests" */ = {
			isa = XCConfigurationList;
			buildConfigurations = (
				80FD218028DBDF09004931FF /* Debug */,
				80FD218128DBDF09004931FF /* Release */,
			);
			defaultConfigurationIsVisible = 0;
			defaultConfigurationName = Release;
		};
/* End XCConfigurationList section */
	};
	rootObject = 80FD214728DBDF06004931FF /* Project object */;
}
